// !$*UTF8*$!
{
	archiveVersion = 1;
	classes = {
	};
	objectVersion = 56;
	objects = {

/* Begin PBXBuildFile section */
		9533AFDE2B504F7100B57FFB /* AppDelegate.swift in Sources */ = {isa = PBXBuildFile; fileRef = 9533AFDD2B504F7100B57FFB /* AppDelegate.swift */; };
		9533AFE02B504F7100B57FFB /* SceneDelegate.swift in Sources */ = {isa = PBXBuildFile; fileRef = 9533AFDF2B504F7100B57FFB /* SceneDelegate.swift */; };
		9533AFE22B504F7100B57FFB /* ViewController.swift in Sources */ = {isa = PBXBuildFile; fileRef = 9533AFE12B504F7100B57FFB /* ViewController.swift */; };
		9533AFE52B504F7100B57FFB /* Main.storyboard in Resources */ = {isa = PBXBuildFile; fileRef = 9533AFE32B504F7100B57FFB /* Main.storyboard */; };
		9533AFE72B504F7200B57FFB /* Assets.xcassets in Resources */ = {isa = PBXBuildFile; fileRef = 9533AFE62B504F7200B57FFB /* Assets.xcassets */; };
		9533AFEA2B504F7200B57FFB /* LaunchScreen.storyboard in Resources */ = {isa = PBXBuildFile; fileRef = 9533AFE82B504F7200B57FFB /* LaunchScreen.storyboard */; };
		9533AFFC2B50503600B57FFB /* nssl0049.jpg in Resources */ = {isa = PBXBuildFile; fileRef = 9533AFF22B50503600B57FFB /* nssl0049.jpg */; };
		9533AFFD2B50503600B57FFB /* nssl0046.jpg in Resources */ = {isa = PBXBuildFile; fileRef = 9533AFF32B50503600B57FFB /* nssl0046.jpg */; };
		9533AFFE2B50503600B57FFB /* nssl0091.jpg in Resources */ = {isa = PBXBuildFile; fileRef = 9533AFF42B50503600B57FFB /* nssl0091.jpg */; };
		9533AFFF2B50503600B57FFB /* nssl0045.jpg in Resources */ = {isa = PBXBuildFile; fileRef = 9533AFF52B50503600B57FFB /* nssl0045.jpg */; };
		9533B0002B50503600B57FFB /* nssl0051.jpg in Resources */ = {isa = PBXBuildFile; fileRef = 9533AFF62B50503600B57FFB /* nssl0051.jpg */; };
		9533B0012B50503600B57FFB /* nssl0041.jpg in Resources */ = {isa = PBXBuildFile; fileRef = 9533AFF72B50503600B57FFB /* nssl0041.jpg */; };
		9533B0022B50503600B57FFB /* nssl0042.jpg in Resources */ = {isa = PBXBuildFile; fileRef = 9533AFF82B50503600B57FFB /* nssl0042.jpg */; };
		9533B0032B50503600B57FFB /* nssl0043.jpg in Resources */ = {isa = PBXBuildFile; fileRef = 9533AFF92B50503600B57FFB /* nssl0043.jpg */; };
		9533B0042B50503600B57FFB /* nssl0033.jpg in Resources */ = {isa = PBXBuildFile; fileRef = 9533AFFA2B50503600B57FFB /* nssl0033.jpg */; };
		9533B0052B50503600B57FFB /* nssl0034.jpg in Resources */ = {isa = PBXBuildFile; fileRef = 9533AFFB2B50503600B57FFB /* nssl0034.jpg */; };
		9533B0072B50527F00B57FFB /* DetailViewController.swift in Sources */ = {isa = PBXBuildFile; fileRef = 9533B0062B50527F00B57FFB /* DetailViewController.swift */; };
		955B59962BB0B0A3000E07BE /* PictureCell.swift in Sources */ = {isa = PBXBuildFile; fileRef = 955B59952BB0B0A3000E07BE /* PictureCell.swift */; };
/* End PBXBuildFile section */

/* Begin PBXFileReference section */
		9533AFDA2B504F7100B57FFB /* Project1-StormViewer.app */ = {isa = PBXFileReference; explicitFileType = wrapper.application; includeInIndex = 0; path = "Project1-StormViewer.app"; sourceTree = BUILT_PRODUCTS_DIR; };
		9533AFDD2B504F7100B57FFB /* AppDelegate.swift */ = {isa = PBXFileReference; lastKnownFileType = sourcecode.swift; path = AppDelegate.swift; sourceTree = "<group>"; };
		9533AFDF2B504F7100B57FFB /* SceneDelegate.swift */ = {isa = PBXFileReference; lastKnownFileType = sourcecode.swift; path = SceneDelegate.swift; sourceTree = "<group>"; };
		9533AFE12B504F7100B57FFB /* ViewController.swift */ = {isa = PBXFileReference; lastKnownFileType = sourcecode.swift; path = ViewController.swift; sourceTree = "<group>"; };
		9533AFE42B504F7100B57FFB /* Base */ = {isa = PBXFileReference; lastKnownFileType = file.storyboard; name = Base; path = Base.lproj/Main.storyboard; sourceTree = "<group>"; };
		9533AFE62B504F7200B57FFB /* Assets.xcassets */ = {isa = PBXFileReference; lastKnownFileType = folder.assetcatalog; path = Assets.xcassets; sourceTree = "<group>"; };
		9533AFE92B504F7200B57FFB /* Base */ = {isa = PBXFileReference; lastKnownFileType = file.storyboard; name = Base; path = Base.lproj/LaunchScreen.storyboard; sourceTree = "<group>"; };
		9533AFEB2B504F7200B57FFB /* Info.plist */ = {isa = PBXFileReference; lastKnownFileType = text.plist.xml; path = Info.plist; sourceTree = "<group>"; };
		9533AFF22B50503600B57FFB /* nssl0049.jpg */ = {isa = PBXFileReference; lastKnownFileType = image.jpeg; path = nssl0049.jpg; sourceTree = "<group>"; };
		9533AFF32B50503600B57FFB /* nssl0046.jpg */ = {isa = PBXFileReference; lastKnownFileType = image.jpeg; path = nssl0046.jpg; sourceTree = "<group>"; };
		9533AFF42B50503600B57FFB /* nssl0091.jpg */ = {isa = PBXFileReference; lastKnownFileType = image.jpeg; path = nssl0091.jpg; sourceTree = "<group>"; };
		9533AFF52B50503600B57FFB /* nssl0045.jpg */ = {isa = PBXFileReference; lastKnownFileType = image.jpeg; path = nssl0045.jpg; sourceTree = "<group>"; };
		9533AFF62B50503600B57FFB /* nssl0051.jpg */ = {isa = PBXFileReference; lastKnownFileType = image.jpeg; path = nssl0051.jpg; sourceTree = "<group>"; };
		9533AFF72B50503600B57FFB /* nssl0041.jpg */ = {isa = PBXFileReference; lastKnownFileType = image.jpeg; path = nssl0041.jpg; sourceTree = "<group>"; };
		9533AFF82B50503600B57FFB /* nssl0042.jpg */ = {isa = PBXFileReference; lastKnownFileType = image.jpeg; path = nssl0042.jpg; sourceTree = "<group>"; };
		9533AFF92B50503600B57FFB /* nssl0043.jpg */ = {isa = PBXFileReference; lastKnownFileType = image.jpeg; path = nssl0043.jpg; sourceTree = "<group>"; };
		9533AFFA2B50503600B57FFB /* nssl0033.jpg */ = {isa = PBXFileReference; lastKnownFileType = image.jpeg; path = nssl0033.jpg; sourceTree = "<group>"; };
		9533AFFB2B50503600B57FFB /* nssl0034.jpg */ = {isa = PBXFileReference; lastKnownFileType = image.jpeg; path = nssl0034.jpg; sourceTree = "<group>"; };
		9533B0062B50527F00B57FFB /* DetailViewController.swift */ = {isa = PBXFileReference; lastKnownFileType = sourcecode.swift; path = DetailViewController.swift; sourceTree = "<group>"; };
		955B59952BB0B0A3000E07BE /* PictureCell.swift */ = {isa = PBXFileReference; lastKnownFileType = sourcecode.swift; path = PictureCell.swift; sourceTree = "<group>"; };
/* End PBXFileReference section */

/* Begin PBXFrameworksBuildPhase section */
		9533AFD72B504F7100B57FFB /* Frameworks */ = {
			isa = PBXFrameworksBuildPhase;
			buildActionMask = 2147483647;
			files = (
			);
			runOnlyForDeploymentPostprocessing = 0;
		};
/* End PBXFrameworksBuildPhase section */

/* Begin PBXGroup section */
		9533AFD12B504F7100B57FFB = {
			isa = PBXGroup;
			children = (
				9533AFDC2B504F7100B57FFB /* Project1-StormViewer */,
				9533AFDB2B504F7100B57FFB /* Products */,
			);
			sourceTree = "<group>";
		};
		9533AFDB2B504F7100B57FFB /* Products */ = {
			isa = PBXGroup;
			children = (
				9533AFDA2B504F7100B57FFB /* Project1-StormViewer.app */,
			);
			name = Products;
			sourceTree = "<group>";
		};
		9533AFDC2B504F7100B57FFB /* Project1-StormViewer */ = {
			isa = PBXGroup;
			children = (
				9533AFDD2B504F7100B57FFB /* AppDelegate.swift */,
				9533AFDF2B504F7100B57FFB /* SceneDelegate.swift */,
				9533AFE12B504F7100B57FFB /* ViewController.swift */,
				955B59952BB0B0A3000E07BE /* PictureCell.swift */,
				9533B0062B50527F00B57FFB /* DetailViewController.swift */,
				9533AFE32B504F7100B57FFB /* Main.storyboard */,
				9533AFE62B504F7200B57FFB /* Assets.xcassets */,
				9533AFE82B504F7200B57FFB /* LaunchScreen.storyboard */,
				9533AFEB2B504F7200B57FFB /* Info.plist */,
				9533AFF12B50503600B57FFB /* Content */,
			);
			path = "Project1-StormViewer";
			sourceTree = "<group>";
		};
		9533AFF12B50503600B57FFB /* Content */ = {
			isa = PBXGroup;
			children = (
				9533AFF22B50503600B57FFB /* nssl0049.jpg */,
				9533AFF32B50503600B57FFB /* nssl0046.jpg */,
				9533AFF42B50503600B57FFB /* nssl0091.jpg */,
				9533AFF52B50503600B57FFB /* nssl0045.jpg */,
				9533AFF62B50503600B57FFB /* nssl0051.jpg */,
				9533AFF72B50503600B57FFB /* nssl0041.jpg */,
				9533AFF82B50503600B57FFB /* nssl0042.jpg */,
				9533AFF92B50503600B57FFB /* nssl0043.jpg */,
				9533AFFA2B50503600B57FFB /* nssl0033.jpg */,
				9533AFFB2B50503600B57FFB /* nssl0034.jpg */,
			);
			path = Content;
			sourceTree = "<group>";
		};
/* End PBXGroup section */

/* Begin PBXNativeTarget section */
		9533AFD92B504F7100B57FFB /* Project1-StormViewer */ = {
			isa = PBXNativeTarget;
			buildConfigurationList = 9533AFEE2B504F7200B57FFB /* Build configuration list for PBXNativeTarget "Project1-StormViewer" */;
			buildPhases = (
				9533AFD62B504F7100B57FFB /* Sources */,
				9533AFD72B504F7100B57FFB /* Frameworks */,
				9533AFD82B504F7100B57FFB /* Resources */,
			);
			buildRules = (
			);
			dependencies = (
			);
			name = "Project1-StormViewer";
			productName = "Project1-StormViewer";
			productReference = 9533AFDA2B504F7100B57FFB /* Project1-StormViewer.app */;
			productType = "com.apple.product-type.application";
		};
/* End PBXNativeTarget section */

/* Begin PBXProject section */
		9533AFD22B504F7100B57FFB /* Project object */ = {
			isa = PBXProject;
			attributes = {
				BuildIndependentTargetsInParallel = 1;
				LastSwiftUpdateCheck = 1520;
				LastUpgradeCheck = 1520;
				TargetAttributes = {
					9533AFD92B504F7100B57FFB = {
						CreatedOnToolsVersion = 15.2;
					};
				};
			};
			buildConfigurationList = 9533AFD52B504F7100B57FFB /* Build configuration list for PBXProject "Project1-StormViewer" */;
			compatibilityVersion = "Xcode 14.0";
			developmentRegion = en;
			hasScannedForEncodings = 0;
			knownRegions = (
				en,
				Base,
			);
			mainGroup = 9533AFD12B504F7100B57FFB;
			productRefGroup = 9533AFDB2B504F7100B57FFB /* Products */;
			projectDirPath = "";
			projectRoot = "";
			targets = (
				9533AFD92B504F7100B57FFB /* Project1-StormViewer */,
			);
		};
/* End PBXProject section */

/* Begin PBXResourcesBuildPhase section */
		9533AFD82B504F7100B57FFB /* Resources */ = {
			isa = PBXResourcesBuildPhase;
			buildActionMask = 2147483647;
			files = (
				9533AFFD2B50503600B57FFB /* nssl0046.jpg in Resources */,
				9533B0042B50503600B57FFB /* nssl0033.jpg in Resources */,
				9533B0002B50503600B57FFB /* nssl0051.jpg in Resources */,
				9533AFFE2B50503600B57FFB /* nssl0091.jpg in Resources */,
				9533B0032B50503600B57FFB /* nssl0043.jpg in Resources */,
				9533B0052B50503600B57FFB /* nssl0034.jpg in Resources */,
				9533AFFC2B50503600B57FFB /* nssl0049.jpg in Resources */,
				9533B0012B50503600B57FFB /* nssl0041.jpg in Resources */,
				9533B0022B50503600B57FFB /* nssl0042.jpg in Resources */,
				9533AFEA2B504F7200B57FFB /* LaunchScreen.storyboard in Resources */,
				9533AFE72B504F7200B57FFB /* Assets.xcassets in Resources */,
				9533AFFF2B50503600B57FFB /* nssl0045.jpg in Resources */,
				9533AFE52B504F7100B57FFB /* Main.storyboard in Resources */,
			);
			runOnlyForDeploymentPostprocessing = 0;
		};
/* End PBXResourcesBuildPhase section */

/* Begin PBXSourcesBuildPhase section */
		9533AFD62B504F7100B57FFB /* Sources */ = {
			isa = PBXSourcesBuildPhase;
			buildActionMask = 2147483647;
			files = (
				9533AFE22B504F7100B57FFB /* ViewController.swift in Sources */,
				9533AFDE2B504F7100B57FFB /* AppDelegate.swift in Sources */,
				955B59962BB0B0A3000E07BE /* PictureCell.swift in Sources */,
				9533AFE02B504F7100B57FFB /* SceneDelegate.swift in Sources */,
				9533B0072B50527F00B57FFB /* DetailViewController.swift in Sources */,
			);
			runOnlyForDeploymentPostprocessing = 0;
		};
/* End PBXSourcesBuildPhase section */

/* Begin PBXVariantGroup section */
		9533AFE32B504F7100B57FFB /* Main.storyboard */ = {
			isa = PBXVariantGroup;
			children = (
				9533AFE42B504F7100B57FFB /* Base */,
			);
			name = Main.storyboard;
			sourceTree = "<group>";
		};
		9533AFE82B504F7200B57FFB /* LaunchScreen.storyboard */ = {
			isa = PBXVariantGroup;
			children = (
				9533AFE92B504F7200B57FFB /* Base */,
			);
			name = LaunchScreen.storyboard;
			sourceTree = "<group>";
		};
/* End PBXVariantGroup section */

/* Begin XCBuildConfiguration section */
		9533AFEC2B504F7200B57FFB /* Debug */ = {
			isa = XCBuildConfiguration;
			buildSettings = {
				ALWAYS_SEARCH_USER_PATHS = NO;
				ASSETCATALOG_COMPILER_GENERATE_SWIFT_ASSET_SYMBOL_EXTENSIONS = YES;
				CLANG_ANALYZER_NONNULL = YES;
				CLANG_ANALYZER_NUMBER_OBJECT_CONVERSION = YES_AGGRESSIVE;
				CLANG_CXX_LANGUAGE_STANDARD = "gnu++20";
				CLANG_ENABLE_MODULES = YES;
				CLANG_ENABLE_OBJC_ARC = YES;
				CLANG_ENABLE_OBJC_WEAK = YES;
				CLANG_WARN_BLOCK_CAPTURE_AUTORELEASING = YES;
				CLANG_WARN_BOOL_CONVERSION = YES;
				CLANG_WARN_COMMA = YES;
				CLANG_WARN_CONSTANT_CONVERSION = YES;
				CLANG_WARN_DEPRECATED_OBJC_IMPLEMENTATIONS = YES;
				CLANG_WARN_DIRECT_OBJC_ISA_USAGE = YES_ERROR;
				CLANG_WARN_DOCUMENTATION_COMMENTS = YES;
				CLANG_WARN_EMPTY_BODY = YES;
				CLANG_WARN_ENUM_CONVERSION = YES;
				CLANG_WARN_INFINITE_RECURSION = YES;
				CLANG_WARN_INT_CONVERSION = YES;
				CLANG_WARN_NON_LITERAL_NULL_CONVERSION = YES;
				CLANG_WARN_OBJC_IMPLICIT_RETAIN_SELF = YES;
				CLANG_WARN_OBJC_LITERAL_CONVERSION = YES;
				CLANG_WARN_OBJC_ROOT_CLASS = YES_ERROR;
				CLANG_WARN_QUOTED_INCLUDE_IN_FRAMEWORK_HEADER = YES;
				CLANG_WARN_RANGE_LOOP_ANALYSIS = YES;
				CLANG_WARN_STRICT_PROTOTYPES = YES;
				CLANG_WARN_SUSPICIOUS_MOVE = YES;
				CLANG_WARN_UNGUARDED_AVAILABILITY = YES_AGGRESSIVE;
				CLANG_WARN_UNREACHABLE_CODE = YES;
				CLANG_WARN__DUPLICATE_METHOD_MATCH = YES;
				COPY_PHASE_STRIP = NO;
				DEBUG_INFORMATION_FORMAT = dwarf;
				ENABLE_STRICT_OBJC_MSGSEND = YES;
				ENABLE_TESTABILITY = YES;
				ENABLE_USER_SCRIPT_SANDBOXING = YES;
				GCC_C_LANGUAGE_STANDARD = gnu17;
				GCC_DYNAMIC_NO_PIC = NO;
				GCC_NO_COMMON_BLOCKS = YES;
				GCC_OPTIMIZATION_LEVEL = 0;
				GCC_PREPROCESSOR_DEFINITIONS = (
					"DEBUG=1",
					"$(inherited)",
				);
				GCC_WARN_64_TO_32_BIT_CONVERSION = YES;
				GCC_WARN_ABOUT_RETURN_TYPE = YES_ERROR;
				GCC_WARN_UNDECLARED_SELECTOR = YES;
				GCC_WARN_UNINITIALIZED_AUTOS = YES_AGGRESSIVE;
				GCC_WARN_UNUSED_FUNCTION = YES;
				GCC_WARN_UNUSED_VARIABLE = YES;
				IPHONEOS_DEPLOYMENT_TARGET = 17.2;
				LOCALIZATION_PREFERS_STRING_CATALOGS = YES;
				MTL_ENABLE_DEBUG_INFO = INCLUDE_SOURCE;
				MTL_FAST_MATH = YES;
				ONLY_ACTIVE_ARCH = YES;
				SDKROOT = iphoneos;
				SWIFT_ACTIVE_COMPILATION_CONDITIONS = "DEBUG $(inherited)";
				SWIFT_OPTIMIZATION_LEVEL = "-Onone";
			};
			name = Debug;
		};
		9533AFED2B504F7200B57FFB /* Release */ = {
			isa = XCBuildConfiguration;
			buildSettings = {
				ALWAYS_SEARCH_USER_PATHS = NO;
				ASSETCATALOG_COMPILER_GENERATE_SWIFT_ASSET_SYMBOL_EXTENSIONS = YES;
				CLANG_ANALYZER_NONNULL = YES;
				CLANG_ANALYZER_NUMBER_OBJECT_CONVERSION = YES_AGGRESSIVE;
				CLANG_CXX_LANGUAGE_STANDARD = "gnu++20";
				CLANG_ENABLE_MODULES = YES;
				CLANG_ENABLE_OBJC_ARC = YES;
				CLANG_ENABLE_OBJC_WEAK = YES;
				CLANG_WARN_BLOCK_CAPTURE_AUTORELEASING = YES;
				CLANG_WARN_BOOL_CONVERSION = YES;
				CLANG_WARN_COMMA = YES;
				CLANG_WARN_CONSTANT_CONVERSION = YES;
				CLANG_WARN_DEPRECATED_OBJC_IMPLEMENTATIONS = YES;
				CLANG_WARN_DIRECT_OBJC_ISA_USAGE = YES_ERROR;
				CLANG_WARN_DOCUMENTATION_COMMENTS = YES;
				CLANG_WARN_EMPTY_BODY = YES;
				CLANG_WARN_ENUM_CONVERSION = YES;
				CLANG_WARN_INFINITE_RECURSION = YES;
				CLANG_WARN_INT_CONVERSION = YES;
				CLANG_WARN_NON_LITERAL_NULL_CONVERSION = YES;
				CLANG_WARN_OBJC_IMPLICIT_RETAIN_SELF = YES;
				CLANG_WARN_OBJC_LITERAL_CONVERSION = YES;
				CLANG_WARN_OBJC_ROOT_CLASS = YES_ERROR;
				CLANG_WARN_QUOTED_INCLUDE_IN_FRAMEWORK_HEADER = YES;
				CLANG_WARN_RANGE_LOOP_ANALYSIS = YES;
				CLANG_WARN_STRICT_PROTOTYPES = YES;
				CLANG_WARN_SUSPICIOUS_MOVE = YES;
				CLANG_WARN_UNGUARDED_AVAILABILITY = YES_AGGRESSIVE;
				CLANG_WARN_UNREACHABLE_CODE = YES;
				CLANG_WARN__DUPLICATE_METHOD_MATCH = YES;
				COPY_PHASE_STRIP = NO;
				DEBUG_INFORMATION_FORMAT = "dwarf-with-dsym";
				ENABLE_NS_ASSERTIONS = NO;
				ENABLE_STRICT_OBJC_MSGSEND = YES;
				ENABLE_USER_SCRIPT_SANDBOXING = YES;
				GCC_C_LANGUAGE_STANDARD = gnu17;
				GCC_NO_COMMON_BLOCKS = YES;
				GCC_WARN_64_TO_32_BIT_CONVERSION = YES;
				GCC_WARN_ABOUT_RETURN_TYPE = YES_ERROR;
				GCC_WARN_UNDECLARED_SELECTOR = YES;
				GCC_WARN_UNINITIALIZED_AUTOS = YES_AGGRESSIVE;
				GCC_WARN_UNUSED_FUNCTION = YES;
				GCC_WARN_UNUSED_VARIABLE = YES;
				IPHONEOS_DEPLOYMENT_TARGET = 17.2;
				LOCALIZATION_PREFERS_STRING_CATALOGS = YES;
				MTL_ENABLE_DEBUG_INFO = NO;
				MTL_FAST_MATH = YES;
				SDKROOT = iphoneos;
				SWIFT_COMPILATION_MODE = wholemodule;
				VALIDATE_PRODUCT = YES;
			};
			name = Release;
		};
		9533AFEF2B504F7200B57FFB /* Debug */ = {
			isa = XCBuildConfiguration;
			buildSettings = {
				ASSETCATALOG_COMPILER_APPICON_NAME = AppIcon;
				ASSETCATALOG_COMPILER_GLOBAL_ACCENT_COLOR_NAME = AccentColor;
				CODE_SIGN_STYLE = Automatic;
				CURRENT_PROJECT_VERSION = 1;
				DEVELOPMENT_TEAM = H9BMU2K8BB;
				GENERATE_INFOPLIST_FILE = YES;
				INFOPLIST_FILE = "Project1-StormViewer/Info.plist";
				INFOPLIST_KEY_UIApplicationSupportsIndirectInputEvents = YES;
				INFOPLIST_KEY_UILaunchStoryboardName = LaunchScreen;
				INFOPLIST_KEY_UIMainStoryboardFile = Main;
				INFOPLIST_KEY_UISupportedInterfaceOrientations_iPad = "UIInterfaceOrientationPortrait UIInterfaceOrientationPortraitUpsideDown UIInterfaceOrientationLandscapeLeft UIInterfaceOrientationLandscapeRight";
				INFOPLIST_KEY_UISupportedInterfaceOrientations_iPhone = "UIInterfaceOrientationPortrait UIInterfaceOrientationLandscapeLeft UIInterfaceOrientationLandscapeRight";
				LD_RUNPATH_SEARCH_PATHS = (
					"$(inherited)",
					"@executable_path/Frameworks",
				);
				MARKETING_VERSION = 1.0;
				PRODUCT_BUNDLE_IDENTIFIER = "com.MatteoOrru.Project1-StormViewer";
				PRODUCT_NAME = "$(TARGET_NAME)";
				SWIFT_EMIT_LOC_STRINGS = YES;
				SWIFT_VERSION = 5.0;
				TARGETED_DEVICE_FAMILY = "1,2";
			};
			name = Debug;
		};
		9533AFF02B504F7200B57FFB /* Release */ = {
			isa = XCBuildConfiguration;
			buildSettings = {
				ASSETCATALOG_COMPILER_APPICON_NAME = AppIcon;
				ASSETCATALOG_COMPILER_GLOBAL_ACCENT_COLOR_NAME = AccentColor;
				CODE_SIGN_STYLE = Automatic;
				CURRENT_PROJECT_VERSION = 1;
				DEVELOPMENT_TEAM = H9BMU2K8BB;
				GENERATE_INFOPLIST_FILE = YES;
				INFOPLIST_FILE = "Project1-StormViewer/Info.plist";
				INFOPLIST_KEY_UIApplicationSupportsIndirectInputEvents = YES;
				INFOPLIST_KEY_UILaunchStoryboardName = LaunchScreen;
				INFOPLIST_KEY_UIMainStoryboardFile = Main;
				INFOPLIST_KEY_UISupportedInterfaceOrientations_iPad = "UIInterfaceOrientationPortrait UIInterfaceOrientationPortraitUpsideDown UIInterfaceOrientationLandscapeLeft UIInterfaceOrientationLandscapeRight";
				INFOPLIST_KEY_UISupportedInterfaceOrientations_iPhone = "UIInterfaceOrientationPortrait UIInterfaceOrientationLandscapeLeft UIInterfaceOrientationLandscapeRight";
				LD_RUNPATH_SEARCH_PATHS = (
					"$(inherited)",
					"@executable_path/Frameworks",
				);
				MARKETING_VERSION = 1.0;
				PRODUCT_BUNDLE_IDENTIFIER = "com.MatteoOrru.Project1-StormViewer";
				PRODUCT_NAME = "$(TARGET_NAME)";
				SWIFT_EMIT_LOC_STRINGS = YES;
				SWIFT_VERSION = 5.0;
				TARGETED_DEVICE_FAMILY = "1,2";
			};
			name = Release;
		};
/* End XCBuildConfiguration section */

/* Begin XCConfigurationList section */
		9533AFD52B504F7100B57FFB /* Build configuration list for PBXProject "Project1-StormViewer" */ = {
			isa = XCConfigurationList;
			buildConfigurations = (
				9533AFEC2B504F7200B57FFB /* Debug */,
				9533AFED2B504F7200B57FFB /* Release */,
			);
			defaultConfigurationIsVisible = 0;
			defaultConfigurationName = Release;
		};
		9533AFEE2B504F7200B57FFB /* Build configuration list for PBXNativeTarget "Project1-StormViewer" */ = {
			isa = XCConfigurationList;
			buildConfigurations = (
				9533AFEF2B504F7200B57FFB /* Debug */,
				9533AFF02B504F7200B57FFB /* Release */,
			);
			defaultConfigurationIsVisible = 0;
			defaultConfigurationName = Release;
		};
/* End XCConfigurationList section */
	};
	rootObject = 9533AFD22B504F7100B57FFB /* Project object */;
}
